// !$*UTF8*$!
{
	archiveVersion = 1;
	classes = {
	};
	objectVersion = 56;
	objects = {

/* Begin PBXBuildFile section */
		9C213CE428FEBEC300A3DF72 /* WeatherApp.swift in Sources */ = {isa = PBXBuildFile; fileRef = 9C213CE328FEBEC300A3DF72 /* WeatherApp.swift */; };
		9C213CE628FEBEC300A3DF72 /* RootView.swift in Sources */ = {isa = PBXBuildFile; fileRef = 9C213CE528FEBEC300A3DF72 /* RootView.swift */; };
		9C213CE828FEBEC300A3DF72 /* Assets.xcassets in Resources */ = {isa = PBXBuildFile; fileRef = 9C213CE728FEBEC300A3DF72 /* Assets.xcassets */; };
		9C213CEB28FEBEC300A3DF72 /* Preview Assets.xcassets in Resources */ = {isa = PBXBuildFile; fileRef = 9C213CEA28FEBEC300A3DF72 /* Preview Assets.xcassets */; };
		9C213CF228FEBF2600A3DF72 /* WeatherViewModel.swift in Sources */ = {isa = PBXBuildFile; fileRef = 9C213CF128FEBF2600A3DF72 /* WeatherViewModel.swift */; };
		9C2B967E2902FC4E00F55807 /* AirQualityRequest.swift in Sources */ = {isa = PBXBuildFile; fileRef = 9C2B967D2902FC4E00F55807 /* AirQualityRequest.swift */; };
		9C2B96812903021900F55807 /* AirQualityBarViewModel.swift in Sources */ = {isa = PBXBuildFile; fileRef = 9C2B96802903021900F55807 /* AirQualityBarViewModel.swift */; };
		9C2B96862903069000F55807 /* AirQualityBar.swift in Sources */ = {isa = PBXBuildFile; fileRef = 9C2B96852903069000F55807 /* AirQualityBar.swift */; };
		9C2B968A2903DB2F00F55807 /* AirQuality.swift in Sources */ = {isa = PBXBuildFile; fileRef = 9C2B96892903DB2F00F55807 /* AirQuality.swift */; };
		9C2B968E2903E51200F55807 /* AirQualityView.swift in Sources */ = {isa = PBXBuildFile; fileRef = 9C2B968D2903E51200F55807 /* AirQualityView.swift */; };
		9C2B969C2903F6F700F55807 /* Localizable.strings in Resources */ = {isa = PBXBuildFile; fileRef = 9C2B969E2903F6F700F55807 /* Localizable.strings */; };
		9C6B5A6729011B4800573298 /* DateFormatter.swift in Sources */ = {isa = PBXBuildFile; fileRef = 9C6B5A6629011B4800573298 /* DateFormatter.swift */; };
		9C6B5A69290126F900573298 /* IntervalOperator+Date.swift in Sources */ = {isa = PBXBuildFile; fileRef = 9C6B5A68290126F900573298 /* IntervalOperator+Date.swift */; };
		9C6B5A6C2901275100573298 /* SunViewModel.swift in Sources */ = {isa = PBXBuildFile; fileRef = 9C6B5A6B2901275100573298 /* SunViewModel.swift */; };
		9C6B5A6E290163C700573298 /* WeatherData.json in Resources */ = {isa = PBXBuildFile; fileRef = 9C6B5A6D290163C700573298 /* WeatherData.json */; };
		9C88AFB82902D82900095E70 /* Theme.swift in Sources */ = {isa = PBXBuildFile; fileRef = 9C88AFB72902D82900095E70 /* Theme.swift */; };
		9C88AFBA2902DF2300095E70 /* SkyView.swift in Sources */ = {isa = PBXBuildFile; fileRef = 9C88AFB92902DF2300095E70 /* SkyView.swift */; };
		9C88AFBD2902E9DC00095E70 /* BlurView.swift in Sources */ = {isa = PBXBuildFile; fileRef = 9C88AFBC2902E9DC00095E70 /* BlurView.swift */; };
		9C88AFBF2902EB0A00095E70 /* Sky.swift in Sources */ = {isa = PBXBuildFile; fileRef = 9C88AFBE2902EB0A00095E70 /* Sky.swift */; };
		9C88AFC42902FBD400095E70 /* NetworkinManager.swift in Sources */ = {isa = PBXBuildFile; fileRef = 9C88AFC22902FBD400095E70 /* NetworkinManager.swift */; };
		9C88AFC52902FBD400095E70 /* Request.swift in Sources */ = {isa = PBXBuildFile; fileRef = 9C88AFC32902FBD400095E70 /* Request.swift */; };
		9C8A4732290079C10078DD8D /* SunCurve.swift in Sources */ = {isa = PBXBuildFile; fileRef = 9C8A4731290079C10078DD8D /* SunCurve.swift */; };
		9C8A47372900854D0078DD8D /* JSONMapper.swift in Sources */ = {isa = PBXBuildFile; fileRef = 9C8A47362900854D0078DD8D /* JSONMapper.swift */; };
		9C8B11F528FEC505001CC07D /* LocationManager.swift in Sources */ = {isa = PBXBuildFile; fileRef = 9C8B11F428FEC505001CC07D /* LocationManager.swift */; };
		9C8B11F828FED7E9001CC07D /* HourlyForecastView.swift in Sources */ = {isa = PBXBuildFile; fileRef = 9C8B11F728FED7E9001CC07D /* HourlyForecastView.swift */; };
		9C8B11FA28FEE250001CC07D /* CurrentDay+[HourWeather].swift in Sources */ = {isa = PBXBuildFile; fileRef = 9C8B11F928FEE250001CC07D /* CurrentDay+[HourWeather].swift */; };
		9C8B11FD28FEF040001CC07D /* WeatherHeaderView.swift in Sources */ = {isa = PBXBuildFile; fileRef = 9C8B11FC28FEF040001CC07D /* WeatherHeaderView.swift */; };
		9C8B11FF28FEF438001CC07D /* NarrowTemperature+Measurement.swift in Sources */ = {isa = PBXBuildFile; fileRef = 9C8B11FE28FEF438001CC07D /* NarrowTemperature+Measurement.swift */; };
		9C8B120328FEF4C2001CC07D /* WeatherView.swift in Sources */ = {isa = PBXBuildFile; fileRef = 9C8B120228FEF4C2001CC07D /* WeatherView.swift */; };
		9C8B120728FEF885001CC07D /* TenDayForecastView.swift in Sources */ = {isa = PBXBuildFile; fileRef = 9C8B120628FEF885001CC07D /* TenDayForecastView.swift */; };
		9CE0B3BE28FFCFD10094C359 /* GeocodingManager.swift in Sources */ = {isa = PBXBuildFile; fileRef = 9CE0B3BD28FFCFD10094C359 /* GeocodingManager.swift */; };
		9CE0B3C128FFDA300094C359 /* WeatherSectionView.swift in Sources */ = {isa = PBXBuildFile; fileRef = 9CE0B3C028FFDA300094C359 /* WeatherSectionView.swift */; };
		9CE0B3C628FFEBEB0094C359 /* WeatherSection.swift in Sources */ = {isa = PBXBuildFile; fileRef = 9CE0B3C528FFEBEB0094C359 /* WeatherSection.swift */; };
		9CE0B3C828FFED850094C359 /* AbbreviatedDay+Date.swift in Sources */ = {isa = PBXBuildFile; fileRef = 9CE0B3C728FFED850094C359 /* AbbreviatedDay+Date.swift */; };
		9CE0B3D028FFF6570094C359 /* HourlyForecastRow.swift in Sources */ = {isa = PBXBuildFile; fileRef = 9CE0B3CF28FFF6570094C359 /* HourlyForecastRow.swift */; };
		9CE0B3D428FFF7460094C359 /* Symbol.swift in Sources */ = {isa = PBXBuildFile; fileRef = 9CE0B3D328FFF7460094C359 /* Symbol.swift */; };
		9CE0B3D628FFFA190094C359 /* DayForecastRow.swift in Sources */ = {isa = PBXBuildFile; fileRef = 9CE0B3D528FFFA190094C359 /* DayForecastRow.swift */; };
		9CE0B3D828FFFD050094C359 /* ErrorView.swift in Sources */ = {isa = PBXBuildFile; fileRef = 9CE0B3D728FFFD050094C359 /* ErrorView.swift */; };
		9CE0B3DA29000B290094C359 /* UVIndexView.swift in Sources */ = {isa = PBXBuildFile; fileRef = 9CE0B3D929000B290094C359 /* UVIndexView.swift */; };
		9CE0B3DC29000D830094C359 /* UVBar.swift in Sources */ = {isa = PBXBuildFile; fileRef = 9CE0B3DB29000D830094C359 /* UVBar.swift */; };
		9CE0B3DE2900129A0094C359 /* UVScale + UVIndex.swift in Sources */ = {isa = PBXBuildFile; fileRef = 9CE0B3DD2900129A0094C359 /* UVScale + UVIndex.swift */; };
		9CE0B3E22900169B0094C359 /* SizePreferenceKey.swift in Sources */ = {isa = PBXBuildFile; fileRef = 9CE0B3E12900169B0094C359 /* SizePreferenceKey.swift */; };
		9CE0B3E5290028530094C359 /* CellBackground+View.swift in Sources */ = {isa = PBXBuildFile; fileRef = 9CE0B3E4290028530094C359 /* CellBackground+View.swift */; };
		9CE0B3EA290037EB0094C359 /* UIBarViewModel.swift in Sources */ = {isa = PBXBuildFile; fileRef = 9CE0B3E9290037EB0094C359 /* UIBarViewModel.swift */; };
		9CE0B3F029003DE70094C359 /* SunView.swift in Sources */ = {isa = PBXBuildFile; fileRef = 9CE0B3EF29003DE70094C359 /* SunView.swift */; };
/* End PBXBuildFile section */

/* Begin PBXFileReference section */
		9C213CE028FEBEC300A3DF72 /* Weather.app */ = {isa = PBXFileReference; explicitFileType = wrapper.application; includeInIndex = 0; path = Weather.app; sourceTree = BUILT_PRODUCTS_DIR; };
		9C213CE328FEBEC300A3DF72 /* WeatherApp.swift */ = {isa = PBXFileReference; lastKnownFileType = sourcecode.swift; path = WeatherApp.swift; sourceTree = "<group>"; };
		9C213CE528FEBEC300A3DF72 /* RootView.swift */ = {isa = PBXFileReference; lastKnownFileType = sourcecode.swift; path = RootView.swift; sourceTree = "<group>"; };
		9C213CE728FEBEC300A3DF72 /* Assets.xcassets */ = {isa = PBXFileReference; lastKnownFileType = folder.assetcatalog; path = Assets.xcassets; sourceTree = "<group>"; };
		9C213CEA28FEBEC300A3DF72 /* Preview Assets.xcassets */ = {isa = PBXFileReference; lastKnownFileType = folder.assetcatalog; path = "Preview Assets.xcassets"; sourceTree = "<group>"; };
		9C213CF128FEBF2600A3DF72 /* WeatherViewModel.swift */ = {isa = PBXFileReference; lastKnownFileType = sourcecode.swift; path = WeatherViewModel.swift; sourceTree = "<group>"; };
		9C2B967D2902FC4E00F55807 /* AirQualityRequest.swift */ = {isa = PBXFileReference; lastKnownFileType = sourcecode.swift; path = AirQualityRequest.swift; sourceTree = "<group>"; };
		9C2B96802903021900F55807 /* AirQualityBarViewModel.swift */ = {isa = PBXFileReference; lastKnownFileType = sourcecode.swift; path = AirQualityBarViewModel.swift; sourceTree = "<group>"; };
		9C2B96852903069000F55807 /* AirQualityBar.swift */ = {isa = PBXFileReference; lastKnownFileType = sourcecode.swift; path = AirQualityBar.swift; sourceTree = "<group>"; };
		9C2B96892903DB2F00F55807 /* AirQuality.swift */ = {isa = PBXFileReference; lastKnownFileType = sourcecode.swift; path = AirQuality.swift; sourceTree = "<group>"; };
		9C2B968D2903E51200F55807 /* AirQualityView.swift */ = {isa = PBXFileReference; lastKnownFileType = sourcecode.swift; path = AirQualityView.swift; sourceTree = "<group>"; };
		9C2B969D2903F6F700F55807 /* en */ = {isa = PBXFileReference; lastKnownFileType = text.plist.strings; name = en; path = en.lproj/Localizable.strings; sourceTree = "<group>"; };
		9C2B969F2903F70B00F55807 /* fr */ = {isa = PBXFileReference; lastKnownFileType = text.plist.strings; name = fr; path = fr.lproj/Localizable.strings; sourceTree = "<group>"; };
		9C6B5A6629011B4800573298 /* DateFormatter.swift */ = {isa = PBXFileReference; lastKnownFileType = sourcecode.swift; path = DateFormatter.swift; sourceTree = "<group>"; };
		9C6B5A68290126F900573298 /* IntervalOperator+Date.swift */ = {isa = PBXFileReference; lastKnownFileType = sourcecode.swift; path = "IntervalOperator+Date.swift"; sourceTree = "<group>"; };
		9C6B5A6B2901275100573298 /* SunViewModel.swift */ = {isa = PBXFileReference; lastKnownFileType = sourcecode.swift; path = SunViewModel.swift; sourceTree = "<group>"; };
		9C6B5A6D290163C700573298 /* WeatherData.json */ = {isa = PBXFileReference; lastKnownFileType = text.json; path = WeatherData.json; sourceTree = "<group>"; };
		9C88AFB72902D82900095E70 /* Theme.swift */ = {isa = PBXFileReference; lastKnownFileType = sourcecode.swift; path = Theme.swift; sourceTree = "<group>"; };
		9C88AFB92902DF2300095E70 /* SkyView.swift */ = {isa = PBXFileReference; lastKnownFileType = sourcecode.swift; path = SkyView.swift; sourceTree = "<group>"; };
		9C88AFBC2902E9DC00095E70 /* BlurView.swift */ = {isa = PBXFileReference; lastKnownFileType = sourcecode.swift; path = BlurView.swift; sourceTree = "<group>"; };
		9C88AFBE2902EB0A00095E70 /* Sky.swift */ = {isa = PBXFileReference; lastKnownFileType = sourcecode.swift; path = Sky.swift; sourceTree = "<group>"; };
		9C88AFC22902FBD400095E70 /* NetworkinManager.swift */ = {isa = PBXFileReference; fileEncoding = 4; lastKnownFileType = sourcecode.swift; path = NetworkinManager.swift; sourceTree = "<group>"; };
		9C88AFC32902FBD400095E70 /* Request.swift */ = {isa = PBXFileReference; fileEncoding = 4; lastKnownFileType = sourcecode.swift; path = Request.swift; sourceTree = "<group>"; };
		9C8A4731290079C10078DD8D /* SunCurve.swift */ = {isa = PBXFileReference; lastKnownFileType = sourcecode.swift; path = SunCurve.swift; sourceTree = "<group>"; };
		9C8A47362900854D0078DD8D /* JSONMapper.swift */ = {isa = PBXFileReference; lastKnownFileType = sourcecode.swift; path = JSONMapper.swift; sourceTree = "<group>"; };
		9C8B11F428FEC505001CC07D /* LocationManager.swift */ = {isa = PBXFileReference; lastKnownFileType = sourcecode.swift; path = LocationManager.swift; sourceTree = "<group>"; };
		9C8B11F628FECBAF001CC07D /* Weather.entitlements */ = {isa = PBXFileReference; lastKnownFileType = text.plist.entitlements; path = Weather.entitlements; sourceTree = "<group>"; };
		9C8B11F728FED7E9001CC07D /* HourlyForecastView.swift */ = {isa = PBXFileReference; lastKnownFileType = sourcecode.swift; path = HourlyForecastView.swift; sourceTree = "<group>"; };
		9C8B11F928FEE250001CC07D /* CurrentDay+[HourWeather].swift */ = {isa = PBXFileReference; lastKnownFileType = sourcecode.swift; path = "CurrentDay+[HourWeather].swift"; sourceTree = "<group>"; };
		9C8B11FC28FEF040001CC07D /* WeatherHeaderView.swift */ = {isa = PBXFileReference; lastKnownFileType = sourcecode.swift; path = WeatherHeaderView.swift; sourceTree = "<group>"; };
		9C8B11FE28FEF438001CC07D /* NarrowTemperature+Measurement.swift */ = {isa = PBXFileReference; lastKnownFileType = sourcecode.swift; path = "NarrowTemperature+Measurement.swift"; sourceTree = "<group>"; };
		9C8B120228FEF4C2001CC07D /* WeatherView.swift */ = {isa = PBXFileReference; lastKnownFileType = sourcecode.swift; path = WeatherView.swift; sourceTree = "<group>"; };
		9C8B120628FEF885001CC07D /* TenDayForecastView.swift */ = {isa = PBXFileReference; lastKnownFileType = sourcecode.swift; path = TenDayForecastView.swift; sourceTree = "<group>"; };
		9CE0B3BD28FFCFD10094C359 /* GeocodingManager.swift */ = {isa = PBXFileReference; lastKnownFileType = sourcecode.swift; path = GeocodingManager.swift; sourceTree = "<group>"; };
		9CE0B3C028FFDA300094C359 /* WeatherSectionView.swift */ = {isa = PBXFileReference; lastKnownFileType = sourcecode.swift; path = WeatherSectionView.swift; sourceTree = "<group>"; };
		9CE0B3C528FFEBEB0094C359 /* WeatherSection.swift */ = {isa = PBXFileReference; lastKnownFileType = sourcecode.swift; path = WeatherSection.swift; sourceTree = "<group>"; };
		9CE0B3C728FFED850094C359 /* AbbreviatedDay+Date.swift */ = {isa = PBXFileReference; lastKnownFileType = sourcecode.swift; path = "AbbreviatedDay+Date.swift"; sourceTree = "<group>"; };
		9CE0B3CF28FFF6570094C359 /* HourlyForecastRow.swift */ = {isa = PBXFileReference; lastKnownFileType = sourcecode.swift; path = HourlyForecastRow.swift; sourceTree = "<group>"; };
		9CE0B3D328FFF7460094C359 /* Symbol.swift */ = {isa = PBXFileReference; lastKnownFileType = sourcecode.swift; path = Symbol.swift; sourceTree = "<group>"; };
		9CE0B3D528FFFA190094C359 /* DayForecastRow.swift */ = {isa = PBXFileReference; lastKnownFileType = sourcecode.swift; path = DayForecastRow.swift; sourceTree = "<group>"; };
		9CE0B3D728FFFD050094C359 /* ErrorView.swift */ = {isa = PBXFileReference; lastKnownFileType = sourcecode.swift; path = ErrorView.swift; sourceTree = "<group>"; };
		9CE0B3D929000B290094C359 /* UVIndexView.swift */ = {isa = PBXFileReference; lastKnownFileType = sourcecode.swift; path = UVIndexView.swift; sourceTree = "<group>"; };
		9CE0B3DB29000D830094C359 /* UVBar.swift */ = {isa = PBXFileReference; lastKnownFileType = sourcecode.swift; path = UVBar.swift; sourceTree = "<group>"; };
		9CE0B3DD2900129A0094C359 /* UVScale + UVIndex.swift */ = {isa = PBXFileReference; lastKnownFileType = sourcecode.swift; path = "UVScale + UVIndex.swift"; sourceTree = "<group>"; };
		9CE0B3E12900169B0094C359 /* SizePreferenceKey.swift */ = {isa = PBXFileReference; lastKnownFileType = sourcecode.swift; path = SizePreferenceKey.swift; sourceTree = "<group>"; };
		9CE0B3E4290028530094C359 /* CellBackground+View.swift */ = {isa = PBXFileReference; lastKnownFileType = sourcecode.swift; path = "CellBackground+View.swift"; sourceTree = "<group>"; };
		9CE0B3E9290037EB0094C359 /* UIBarViewModel.swift */ = {isa = PBXFileReference; lastKnownFileType = sourcecode.swift; path = UIBarViewModel.swift; sourceTree = "<group>"; };
		9CE0B3EF29003DE70094C359 /* SunView.swift */ = {isa = PBXFileReference; lastKnownFileType = sourcecode.swift; path = SunView.swift; sourceTree = "<group>"; };
/* End PBXFileReference section */

/* Begin PBXFrameworksBuildPhase section */
		9C213CDD28FEBEC300A3DF72 /* Frameworks */ = {
			isa = PBXFrameworksBuildPhase;
			buildActionMask = 2147483647;
			files = (
			);
			runOnlyForDeploymentPostprocessing = 0;
		};
/* End PBXFrameworksBuildPhase section */

/* Begin PBXGroup section */
		9C213CD728FEBEC200A3DF72 = {
			isa = PBXGroup;
			children = (
				9C213CE228FEBEC300A3DF72 /* Weather */,
				9C213CE128FEBEC300A3DF72 /* Products */,
			);
			sourceTree = "<group>";
		};
		9C213CE128FEBEC300A3DF72 /* Products */ = {
			isa = PBXGroup;
			children = (
				9C213CE028FEBEC300A3DF72 /* Weather.app */,
			);
			name = Products;
			sourceTree = "<group>";
		};
		9C213CE228FEBEC300A3DF72 /* Weather */ = {
			isa = PBXGroup;
			children = (
				9C8B11F628FECBAF001CC07D /* Weather.entitlements */,
				9C213CE328FEBEC300A3DF72 /* WeatherApp.swift */,
				9C213CE528FEBEC300A3DF72 /* RootView.swift */,
				9CE0B3CD28FFF23A0094C359 /* Features */,
				9CE0B3C328FFEB7E0094C359 /* Base */,
				9CE0B3D128FFF7300094C359 /* Ressources */,
				9C213CE728FEBEC300A3DF72 /* Assets.xcassets */,
				9C213CE928FEBEC300A3DF72 /* Preview Content */,
			);
			path = Weather;
			sourceTree = "<group>";
		};
		9C213CE928FEBEC300A3DF72 /* Preview Content */ = {
			isa = PBXGroup;
			children = (
				9C213CEA28FEBEC300A3DF72 /* Preview Assets.xcassets */,
			);
			path = "Preview Content";
			sourceTree = "<group>";
		};
		9C2B967F290301FA00F55807 /* Air Quality */ = {
			isa = PBXGroup;
			children = (
				9C2B96872903D65500F55807 /* Views */,
				9C2B96882903DB2100F55807 /* Model */,
				9C2B96822903063800F55807 /* View Model */,
			);
			path = "Air Quality";
			sourceTree = "<group>";
		};
		9C2B96822903063800F55807 /* View Model */ = {
			isa = PBXGroup;
			children = (
				9C2B96802903021900F55807 /* AirQualityBarViewModel.swift */,
			);
			path = "View Model";
			sourceTree = "<group>";
		};
		9C2B96872903D65500F55807 /* Views */ = {
			isa = PBXGroup;
			children = (
				9C2B968D2903E51200F55807 /* AirQualityView.swift */,
				9C2B96852903069000F55807 /* AirQualityBar.swift */,
			);
			path = Views;
			sourceTree = "<group>";
		};
		9C2B96882903DB2100F55807 /* Model */ = {
			isa = PBXGroup;
			children = (
				9C2B96892903DB2F00F55807 /* AirQuality.swift */,
			);
			path = Model;
			sourceTree = "<group>";
		};
		9C6B5A6529011B3E00573298 /* DateFormatter */ = {
			isa = PBXGroup;
			children = (
				9C6B5A6629011B4800573298 /* DateFormatter.swift */,
			);
			path = DateFormatter;
			sourceTree = "<group>";
		};
		9C6B5A6A2901274600573298 /* View Model */ = {
			isa = PBXGroup;
			children = (
				9C6B5A6B2901275100573298 /* SunViewModel.swift */,
			);
			path = "View Model";
			sourceTree = "<group>";
		};
		9C88AFB52902D6B200095E70 /* JSON */ = {
			isa = PBXGroup;
			children = (
				9C6B5A6D290163C700573298 /* WeatherData.json */,
			);
			path = JSON;
			sourceTree = "<group>";
		};
		9C88AFB62902D7ED00095E70 /* Theme */ = {
			isa = PBXGroup;
			children = (
				9C88AFB72902D82900095E70 /* Theme.swift */,
			);
			path = Theme;
			sourceTree = "<group>";
		};
		9C88AFBB2902E9C400095E70 /* Representables */ = {
			isa = PBXGroup;
			children = (
				9C88AFBC2902E9DC00095E70 /* BlurView.swift */,
			);
			path = Representables;
			sourceTree = "<group>";
		};
		9C88AFC12902FBC700095E70 /* API */ = {
			isa = PBXGroup;
			children = (
				9C88AFC22902FBD400095E70 /* NetworkinManager.swift */,
				9C2B967D2902FC4E00F55807 /* AirQualityRequest.swift */,
				9C88AFC32902FBD400095E70 /* Request.swift */,
			);
			path = API;
			sourceTree = "<group>";
		};
		9C8A4735290085440078DD8D /* Mapper */ = {
			isa = PBXGroup;
			children = (
				9C8A47362900854D0078DD8D /* JSONMapper.swift */,
			);
			path = Mapper;
			sourceTree = "<group>";
		};
		9C8B11FB28FEE2B4001CC07D /* Extensions */ = {
			isa = PBXGroup;
			children = (
				9C6B5A6529011B3E00573298 /* DateFormatter */,
				9CE0B3E3290028480094C359 /* View */,
				9CE0B3CA28FFED9D0094C359 /* Weather */,
				9CE0B3C928FFED8D0094C359 /* Date */,
				9CE0B3CB28FFEDAD0094C359 /* Measurement */,
				9CE0B3DF290012A90094C359 /* UVIndex */,
			);
			path = Extensions;
			sourceTree = "<group>";
		};
		9C8B120128FEF469001CC07D /* ViewModel */ = {
			isa = PBXGroup;
			children = (
				9C213CF128FEBF2600A3DF72 /* WeatherViewModel.swift */,
			);
			path = ViewModel;
			sourceTree = "<group>";
		};
		9CE0B3BF28FFD7130094C359 /* Managers */ = {
			isa = PBXGroup;
			children = (
				9C8B11F428FEC505001CC07D /* LocationManager.swift */,
				9CE0B3BD28FFCFD10094C359 /* GeocodingManager.swift */,
			);
			path = Managers;
			sourceTree = "<group>";
		};
		9CE0B3C228FFEB6F0094C359 /* Views */ = {
			isa = PBXGroup;
			children = (
				9C88AFB92902DF2300095E70 /* SkyView.swift */,
				9CE0B3C028FFDA300094C359 /* WeatherSectionView.swift */,
				9CE0B3D728FFFD050094C359 /* ErrorView.swift */,
			);
			path = Views;
			sourceTree = "<group>";
		};
		9CE0B3C328FFEB7E0094C359 /* Base */ = {
			isa = PBXGroup;
			children = (
				9C88AFC12902FBC700095E70 /* API */,
				9CE0B3C428FFEBD40094C359 /* Model */,
				9CE0B3C228FFEB6F0094C359 /* Views */,
				9CE0B3BF28FFD7130094C359 /* Managers */,
				9C8B11FB28FEE2B4001CC07D /* Extensions */,
				9C88AFBB2902E9C400095E70 /* Representables */,
				9CE0B3E0290016850094C359 /* PreferenceKeys */,
				9C8A4735290085440078DD8D /* Mapper */,
			);
			path = Base;
			sourceTree = "<group>";
		};
		9CE0B3C428FFEBD40094C359 /* Model */ = {
			isa = PBXGroup;
			children = (
				9CE0B3C528FFEBEB0094C359 /* WeatherSection.swift */,
				9C88AFBE2902EB0A00095E70 /* Sky.swift */,
			);
			path = Model;
			sourceTree = "<group>";
		};
		9CE0B3C928FFED8D0094C359 /* Date */ = {
			isa = PBXGroup;
			children = (
				9CE0B3C728FFED850094C359 /* AbbreviatedDay+Date.swift */,
				9C6B5A68290126F900573298 /* IntervalOperator+Date.swift */,
			);
			path = Date;
			sourceTree = "<group>";
		};
		9CE0B3CA28FFED9D0094C359 /* Weather */ = {
			isa = PBXGroup;
			children = (
				9C8B11F928FEE250001CC07D /* CurrentDay+[HourWeather].swift */,
			);
			path = Weather;
			sourceTree = "<group>";
		};
		9CE0B3CB28FFEDAD0094C359 /* Measurement */ = {
			isa = PBXGroup;
			children = (
				9C8B11FE28FEF438001CC07D /* NarrowTemperature+Measurement.swift */,
			);
			path = Measurement;
			sourceTree = "<group>";
		};
		9CE0B3CC28FFF2230094C359 /* Views */ = {
			isa = PBXGroup;
			children = (
				9C8B120228FEF4C2001CC07D /* WeatherView.swift */,
				9C8B11FC28FEF040001CC07D /* WeatherHeaderView.swift */,
			);
			path = Views;
			sourceTree = "<group>";
		};
		9CE0B3CD28FFF23A0094C359 /* Features */ = {
			isa = PBXGroup;
			children = (
				9CE0B3CE28FFF2430094C359 /* Weather */,
				9C2B967F290301FA00F55807 /* Air Quality */,
				9CE0B3EB2900381C0094C359 /* Hourly Forecast */,
				9CE0B3ED2900384F0094C359 /* Ten Day Forecast */,
				9CE0B3E6290037980094C359 /* UV Index */,
				9CE0B3F129003DEE0094C359 /* Sun */,
			);
			path = Features;
			sourceTree = "<group>";
		};
		9CE0B3CE28FFF2430094C359 /* Weather */ = {
			isa = PBXGroup;
			children = (
				9CE0B3CC28FFF2230094C359 /* Views */,
				9C8B120128FEF469001CC07D /* ViewModel */,
			);
			path = Weather;
			sourceTree = "<group>";
		};
		9CE0B3D128FFF7300094C359 /* Ressources */ = {
			isa = PBXGroup;
			children = (
				9C88AFB62902D7ED00095E70 /* Theme */,
				9CE0B3D228FFF7390094C359 /* Symbols */,
				9C88AFB52902D6B200095E70 /* JSON */,
				9C2B969E2903F6F700F55807 /* Localizable.strings */,
			);
			path = Ressources;
			sourceTree = "<group>";
		};
		9CE0B3D228FFF7390094C359 /* Symbols */ = {
			isa = PBXGroup;
			children = (
				9CE0B3D328FFF7460094C359 /* Symbol.swift */,
			);
			path = Symbols;
			sourceTree = "<group>";
		};
		9CE0B3DF290012A90094C359 /* UVIndex */ = {
			isa = PBXGroup;
			children = (
				9CE0B3DD2900129A0094C359 /* UVScale + UVIndex.swift */,
			);
			path = UVIndex;
			sourceTree = "<group>";
		};
		9CE0B3E0290016850094C359 /* PreferenceKeys */ = {
			isa = PBXGroup;
			children = (
				9CE0B3E12900169B0094C359 /* SizePreferenceKey.swift */,
			);
			path = PreferenceKeys;
			sourceTree = "<group>";
		};
		9CE0B3E3290028480094C359 /* View */ = {
			isa = PBXGroup;
			children = (
				9CE0B3E4290028530094C359 /* CellBackground+View.swift */,
			);
			path = View;
			sourceTree = "<group>";
		};
		9CE0B3E6290037980094C359 /* UV Index */ = {
			isa = PBXGroup;
			children = (
				9CE0B3E7290037BA0094C359 /* Views */,
				9CE0B3E8290037DA0094C359 /* ViewModel */,
			);
			path = "UV Index";
			sourceTree = "<group>";
		};
		9CE0B3E7290037BA0094C359 /* Views */ = {
			isa = PBXGroup;
			children = (
				9CE0B3D929000B290094C359 /* UVIndexView.swift */,
				9CE0B3DB29000D830094C359 /* UVBar.swift */,
			);
			path = Views;
			sourceTree = "<group>";
		};
		9CE0B3E8290037DA0094C359 /* ViewModel */ = {
			isa = PBXGroup;
			children = (
				9CE0B3E9290037EB0094C359 /* UIBarViewModel.swift */,
			);
			path = ViewModel;
			sourceTree = "<group>";
		};
		9CE0B3EB2900381C0094C359 /* Hourly Forecast */ = {
			isa = PBXGroup;
			children = (
				9CE0B3EC290038370094C359 /* Views */,
			);
			path = "Hourly Forecast";
			sourceTree = "<group>";
		};
		9CE0B3EC290038370094C359 /* Views */ = {
			isa = PBXGroup;
			children = (
				9C8B11F728FED7E9001CC07D /* HourlyForecastView.swift */,
				9CE0B3CF28FFF6570094C359 /* HourlyForecastRow.swift */,
			);
			path = Views;
			sourceTree = "<group>";
		};
		9CE0B3ED2900384F0094C359 /* Ten Day Forecast */ = {
			isa = PBXGroup;
			children = (
				9CE0B3EE290038580094C359 /* Views */,
			);
			path = "Ten Day Forecast";
			sourceTree = "<group>";
		};
		9CE0B3EE290038580094C359 /* Views */ = {
			isa = PBXGroup;
			children = (
				9C8B120628FEF885001CC07D /* TenDayForecastView.swift */,
				9CE0B3D528FFFA190094C359 /* DayForecastRow.swift */,
			);
			path = Views;
			sourceTree = "<group>";
		};
		9CE0B3F129003DEE0094C359 /* Sun */ = {
			isa = PBXGroup;
			children = (
				9CE0B3EF29003DE70094C359 /* SunView.swift */,
				9C8A4731290079C10078DD8D /* SunCurve.swift */,
				9C6B5A6A2901274600573298 /* View Model */,
			);
			path = Sun;
			sourceTree = "<group>";
		};
/* End PBXGroup section */

/* Begin PBXNativeTarget section */
		9C213CDF28FEBEC300A3DF72 /* Weather */ = {
			isa = PBXNativeTarget;
			buildConfigurationList = 9C213CEE28FEBEC300A3DF72 /* Build configuration list for PBXNativeTarget "Weather" */;
			buildPhases = (
				9C213CDC28FEBEC300A3DF72 /* Sources */,
				9C213CDD28FEBEC300A3DF72 /* Frameworks */,
				9C213CDE28FEBEC300A3DF72 /* Resources */,
			);
			buildRules = (
			);
			dependencies = (
			);
			name = Weather;
			productName = Weather;
			productReference = 9C213CE028FEBEC300A3DF72 /* Weather.app */;
			productType = "com.apple.product-type.application";
		};
/* End PBXNativeTarget section */

/* Begin PBXProject section */
		9C213CD828FEBEC200A3DF72 /* Project object */ = {
			isa = PBXProject;
			attributes = {
				BuildIndependentTargetsInParallel = 1;
				LastSwiftUpdateCheck = 1400;
				LastUpgradeCheck = 1400;
				TargetAttributes = {
					9C213CDF28FEBEC300A3DF72 = {
						CreatedOnToolsVersion = 14.0;
					};
				};
			};
			buildConfigurationList = 9C213CDB28FEBEC200A3DF72 /* Build configuration list for PBXProject "Weather" */;
			compatibilityVersion = "Xcode 14.0";
			developmentRegion = en;
			hasScannedForEncodings = 0;
			knownRegions = (
				en,
				Base,
				fr,
			);
			mainGroup = 9C213CD728FEBEC200A3DF72;
			productRefGroup = 9C213CE128FEBEC300A3DF72 /* Products */;
			projectDirPath = "";
			projectRoot = "";
			targets = (
				9C213CDF28FEBEC300A3DF72 /* Weather */,
			);
		};
/* End PBXProject section */

/* Begin PBXResourcesBuildPhase section */
		9C213CDE28FEBEC300A3DF72 /* Resources */ = {
			isa = PBXResourcesBuildPhase;
			buildActionMask = 2147483647;
			files = (
				9C213CEB28FEBEC300A3DF72 /* Preview Assets.xcassets in Resources */,
				9C2B969C2903F6F700F55807 /* Localizable.strings in Resources */,
				9C6B5A6E290163C700573298 /* WeatherData.json in Resources */,
				9C213CE828FEBEC300A3DF72 /* Assets.xcassets in Resources */,
			);
			runOnlyForDeploymentPostprocessing = 0;
		};
/* End PBXResourcesBuildPhase section */

/* Begin PBXSourcesBuildPhase section */
		9C213CDC28FEBEC300A3DF72 /* Sources */ = {
			isa = PBXSourcesBuildPhase;
			buildActionMask = 2147483647;
			files = (
				9C8B11FF28FEF438001CC07D /* NarrowTemperature+Measurement.swift in Sources */,
				9C213CE628FEBEC300A3DF72 /* RootView.swift in Sources */,
				9CE0B3D028FFF6570094C359 /* HourlyForecastRow.swift in Sources */,
				9C213CF228FEBF2600A3DF72 /* WeatherViewModel.swift in Sources */,
				9C6B5A69290126F900573298 /* IntervalOperator+Date.swift in Sources */,
				9C8B11FD28FEF040001CC07D /* WeatherHeaderView.swift in Sources */,
				9C8B120728FEF885001CC07D /* TenDayForecastView.swift in Sources */,
				9CE0B3EA290037EB0094C359 /* UIBarViewModel.swift in Sources */,
				9C2B968E2903E51200F55807 /* AirQualityView.swift in Sources */,
				9CE0B3BE28FFCFD10094C359 /* GeocodingManager.swift in Sources */,
				9CE0B3D828FFFD050094C359 /* ErrorView.swift in Sources */,
				9C8B11F528FEC505001CC07D /* LocationManager.swift in Sources */,
				9CE0B3F029003DE70094C359 /* SunView.swift in Sources */,
				9CE0B3DE2900129A0094C359 /* UVScale + UVIndex.swift in Sources */,
				9C6B5A6C2901275100573298 /* SunViewModel.swift in Sources */,
				9C2B967E2902FC4E00F55807 /* AirQualityRequest.swift in Sources */,
				9CE0B3C128FFDA300094C359 /* WeatherSectionView.swift in Sources */,
				9C2B968A2903DB2F00F55807 /* AirQuality.swift in Sources */,
				9C88AFC42902FBD400095E70 /* NetworkinManager.swift in Sources */,
				9C213CE428FEBEC300A3DF72 /* WeatherApp.swift in Sources */,
				9C88AFB82902D82900095E70 /* Theme.swift in Sources */,
				9C8B120328FEF4C2001CC07D /* WeatherView.swift in Sources */,
				9CE0B3C628FFEBEB0094C359 /* WeatherSection.swift in Sources */,
				9CE0B3E5290028530094C359 /* CellBackground+View.swift in Sources */,
				9CE0B3D628FFFA190094C359 /* DayForecastRow.swift in Sources */,
				9CE0B3E22900169B0094C359 /* SizePreferenceKey.swift in Sources */,
				9CE0B3DC29000D830094C359 /* UVBar.swift in Sources */,
				9C8A4732290079C10078DD8D /* SunCurve.swift in Sources */,
				9C88AFC52902FBD400095E70 /* Request.swift in Sources */,
				9C8B11F828FED7E9001CC07D /* HourlyForecastView.swift in Sources */,
				9C88AFBF2902EB0A00095E70 /* Sky.swift in Sources */,
				9CE0B3D428FFF7460094C359 /* Symbol.swift in Sources */,
				9C88AFBD2902E9DC00095E70 /* BlurView.swift in Sources */,
				9C88AFBA2902DF2300095E70 /* SkyView.swift in Sources */,
				9CE0B3C828FFED850094C359 /* AbbreviatedDay+Date.swift in Sources */,
				9C6B5A6729011B4800573298 /* DateFormatter.swift in Sources */,
				9C8B11FA28FEE250001CC07D /* CurrentDay+[HourWeather].swift in Sources */,
				9C8A47372900854D0078DD8D /* JSONMapper.swift in Sources */,
				9C2B96862903069000F55807 /* AirQualityBar.swift in Sources */,
				9CE0B3DA29000B290094C359 /* UVIndexView.swift in Sources */,
				9C2B96812903021900F55807 /* AirQualityBarViewModel.swift in Sources */,
			);
			runOnlyForDeploymentPostprocessing = 0;
		};
/* End PBXSourcesBuildPhase section */

/* Begin PBXVariantGroup section */
		9C2B969E2903F6F700F55807 /* Localizable.strings */ = {
			isa = PBXVariantGroup;
			children = (
				9C2B969D2903F6F700F55807 /* en */,
				9C2B969F2903F70B00F55807 /* fr */,
			);
			name = Localizable.strings;
			sourceTree = "<group>";
		};
/* End PBXVariantGroup section */

/* Begin XCBuildConfiguration section */
		9C213CEC28FEBEC300A3DF72 /* Debug */ = {
			isa = XCBuildConfiguration;
			buildSettings = {
				ALWAYS_SEARCH_USER_PATHS = NO;
				CLANG_ANALYZER_LOCALIZABILITY_NONLOCALIZED = YES;
				CLANG_ANALYZER_NONNULL = YES;
				CLANG_ANALYZER_NUMBER_OBJECT_CONVERSION = YES_AGGRESSIVE;
				CLANG_CXX_LANGUAGE_STANDARD = "gnu++20";
				CLANG_ENABLE_MODULES = YES;
				CLANG_ENABLE_OBJC_ARC = YES;
				CLANG_ENABLE_OBJC_WEAK = YES;
				CLANG_WARN_BLOCK_CAPTURE_AUTORELEASING = YES;
				CLANG_WARN_BOOL_CONVERSION = YES;
				CLANG_WARN_COMMA = YES;
				CLANG_WARN_CONSTANT_CONVERSION = YES;
				CLANG_WARN_DEPRECATED_OBJC_IMPLEMENTATIONS = YES;
				CLANG_WARN_DIRECT_OBJC_ISA_USAGE = YES_ERROR;
				CLANG_WARN_DOCUMENTATION_COMMENTS = YES;
				CLANG_WARN_EMPTY_BODY = YES;
				CLANG_WARN_ENUM_CONVERSION = YES;
				CLANG_WARN_INFINITE_RECURSION = YES;
				CLANG_WARN_INT_CONVERSION = YES;
				CLANG_WARN_NON_LITERAL_NULL_CONVERSION = YES;
				CLANG_WARN_OBJC_IMPLICIT_RETAIN_SELF = YES;
				CLANG_WARN_OBJC_LITERAL_CONVERSION = YES;
				CLANG_WARN_OBJC_ROOT_CLASS = YES_ERROR;
				CLANG_WARN_QUOTED_INCLUDE_IN_FRAMEWORK_HEADER = YES;
				CLANG_WARN_RANGE_LOOP_ANALYSIS = YES;
				CLANG_WARN_STRICT_PROTOTYPES = YES;
				CLANG_WARN_SUSPICIOUS_MOVE = YES;
				CLANG_WARN_UNGUARDED_AVAILABILITY = YES_AGGRESSIVE;
				CLANG_WARN_UNREACHABLE_CODE = YES;
				CLANG_WARN__DUPLICATE_METHOD_MATCH = YES;
				COPY_PHASE_STRIP = NO;
				DEBUG_INFORMATION_FORMAT = dwarf;
				ENABLE_STRICT_OBJC_MSGSEND = YES;
				ENABLE_TESTABILITY = YES;
				GCC_C_LANGUAGE_STANDARD = gnu11;
				GCC_DYNAMIC_NO_PIC = NO;
				GCC_NO_COMMON_BLOCKS = YES;
				GCC_OPTIMIZATION_LEVEL = 0;
				GCC_PREPROCESSOR_DEFINITIONS = (
					"DEBUG=1",
					"$(inherited)",
				);
				GCC_WARN_64_TO_32_BIT_CONVERSION = YES;
				GCC_WARN_ABOUT_RETURN_TYPE = YES_ERROR;
				GCC_WARN_UNDECLARED_SELECTOR = YES;
				GCC_WARN_UNINITIALIZED_AUTOS = YES_AGGRESSIVE;
				GCC_WARN_UNUSED_FUNCTION = YES;
				GCC_WARN_UNUSED_VARIABLE = YES;
				IPHONEOS_DEPLOYMENT_TARGET = 16.0;
				MTL_ENABLE_DEBUG_INFO = INCLUDE_SOURCE;
				MTL_FAST_MATH = YES;
				ONLY_ACTIVE_ARCH = YES;
				SDKROOT = iphoneos;
				SWIFT_ACTIVE_COMPILATION_CONDITIONS = DEBUG;
				SWIFT_OPTIMIZATION_LEVEL = "-Onone";
			};
			name = Debug;
		};
		9C213CED28FEBEC300A3DF72 /* Release */ = {
			isa = XCBuildConfiguration;
			buildSettings = {
				ALWAYS_SEARCH_USER_PATHS = NO;
				CLANG_ANALYZER_LOCALIZABILITY_NONLOCALIZED = YES;
				CLANG_ANALYZER_NONNULL = YES;
				CLANG_ANALYZER_NUMBER_OBJECT_CONVERSION = YES_AGGRESSIVE;
				CLANG_CXX_LANGUAGE_STANDARD = "gnu++20";
				CLANG_ENABLE_MODULES = YES;
				CLANG_ENABLE_OBJC_ARC = YES;
				CLANG_ENABLE_OBJC_WEAK = YES;
				CLANG_WARN_BLOCK_CAPTURE_AUTORELEASING = YES;
				CLANG_WARN_BOOL_CONVERSION = YES;
				CLANG_WARN_COMMA = YES;
				CLANG_WARN_CONSTANT_CONVERSION = YES;
				CLANG_WARN_DEPRECATED_OBJC_IMPLEMENTATIONS = YES;
				CLANG_WARN_DIRECT_OBJC_ISA_USAGE = YES_ERROR;
				CLANG_WARN_DOCUMENTATION_COMMENTS = YES;
				CLANG_WARN_EMPTY_BODY = YES;
				CLANG_WARN_ENUM_CONVERSION = YES;
				CLANG_WARN_INFINITE_RECURSION = YES;
				CLANG_WARN_INT_CONVERSION = YES;
				CLANG_WARN_NON_LITERAL_NULL_CONVERSION = YES;
				CLANG_WARN_OBJC_IMPLICIT_RETAIN_SELF = YES;
				CLANG_WARN_OBJC_LITERAL_CONVERSION = YES;
				CLANG_WARN_OBJC_ROOT_CLASS = YES_ERROR;
				CLANG_WARN_QUOTED_INCLUDE_IN_FRAMEWORK_HEADER = YES;
				CLANG_WARN_RANGE_LOOP_ANALYSIS = YES;
				CLANG_WARN_STRICT_PROTOTYPES = YES;
				CLANG_WARN_SUSPICIOUS_MOVE = YES;
				CLANG_WARN_UNGUARDED_AVAILABILITY = YES_AGGRESSIVE;
				CLANG_WARN_UNREACHABLE_CODE = YES;
				CLANG_WARN__DUPLICATE_METHOD_MATCH = YES;
				COPY_PHASE_STRIP = NO;
				DEBUG_INFORMATION_FORMAT = "dwarf-with-dsym";
				ENABLE_NS_ASSERTIONS = NO;
				ENABLE_STRICT_OBJC_MSGSEND = YES;
				GCC_C_LANGUAGE_STANDARD = gnu11;
				GCC_NO_COMMON_BLOCKS = YES;
				GCC_WARN_64_TO_32_BIT_CONVERSION = YES;
				GCC_WARN_ABOUT_RETURN_TYPE = YES_ERROR;
				GCC_WARN_UNDECLARED_SELECTOR = YES;
				GCC_WARN_UNINITIALIZED_AUTOS = YES_AGGRESSIVE;
				GCC_WARN_UNUSED_FUNCTION = YES;
				GCC_WARN_UNUSED_VARIABLE = YES;
				IPHONEOS_DEPLOYMENT_TARGET = 16.0;
				MTL_ENABLE_DEBUG_INFO = NO;
				MTL_FAST_MATH = YES;
				SDKROOT = iphoneos;
				SWIFT_COMPILATION_MODE = wholemodule;
				SWIFT_OPTIMIZATION_LEVEL = "-O";
				VALIDATE_PRODUCT = YES;
			};
			name = Release;
		};
		9C213CEF28FEBEC300A3DF72 /* Debug */ = {
			isa = XCBuildConfiguration;
			buildSettings = {
				ASSETCATALOG_COMPILER_APPICON_NAME = AppIcon;
				ASSETCATALOG_COMPILER_GLOBAL_ACCENT_COLOR_NAME = AccentColor;
				CODE_SIGN_ENTITLEMENTS = Weather/Weather.entitlements;
				CODE_SIGN_STYLE = Automatic;
				CURRENT_PROJECT_VERSION = 1;
				DEVELOPMENT_ASSET_PATHS = "\"Weather/Preview Content\"";
				DEVELOPMENT_TEAM = 747VQ7M72W;
				ENABLE_PREVIEWS = YES;
				GENERATE_INFOPLIST_FILE = YES;
				INFOPLIST_KEY_NSLocationWhenInUseUsageDescription = "Weather a besoin de votre localisation pour afficher la météo de votre position.";
				INFOPLIST_KEY_UIApplicationSceneManifest_Generation = YES;
				INFOPLIST_KEY_UIApplicationSupportsIndirectInputEvents = YES;
				INFOPLIST_KEY_UILaunchScreen_Generation = YES;
				INFOPLIST_KEY_UISupportedInterfaceOrientations_iPad = "UIInterfaceOrientationPortrait UIInterfaceOrientationPortraitUpsideDown UIInterfaceOrientationLandscapeLeft UIInterfaceOrientationLandscapeRight";
				INFOPLIST_KEY_UISupportedInterfaceOrientations_iPhone = "UIInterfaceOrientationPortrait UIInterfaceOrientationLandscapeLeft UIInterfaceOrientationLandscapeRight";
				LD_RUNPATH_SEARCH_PATHS = (
					"$(inherited)",
					"@executable_path/Frameworks",
				);
				MARKETING_VERSION = 1.0;
				PRODUCT_BUNDLE_IDENTIFIER = com.maximelathiere.Weather;
				PRODUCT_NAME = "$(TARGET_NAME)";
				SWIFT_EMIT_LOC_STRINGS = YES;
				SWIFT_VERSION = 5.0;
				TARGETED_DEVICE_FAMILY = "1,2";
			};
			name = Debug;
		};
		9C213CF028FEBEC300A3DF72 /* Release */ = {
			isa = XCBuildConfiguration;
			buildSettings = {
				ASSETCATALOG_COMPILER_APPICON_NAME = AppIcon;
				ASSETCATALOG_COMPILER_GLOBAL_ACCENT_COLOR_NAME = AccentColor;
				CODE_SIGN_ENTITLEMENTS = Weather/Weather.entitlements;
				CODE_SIGN_STYLE = Automatic;
				CURRENT_PROJECT_VERSION = 1;
				DEVELOPMENT_ASSET_PATHS = "\"Weather/Preview Content\"";
				DEVELOPMENT_TEAM = 747VQ7M72W;
				ENABLE_PREVIEWS = YES;
				GENERATE_INFOPLIST_FILE = YES;
				INFOPLIST_KEY_NSLocationWhenInUseUsageDescription = "Weather a besoin de votre localisation pour afficher la météo de votre position.";
				INFOPLIST_KEY_UIApplicationSceneManifest_Generation = YES;
				INFOPLIST_KEY_UIApplicationSupportsIndirectInputEvents = YES;
				INFOPLIST_KEY_UILaunchScreen_Generation = YES;
				INFOPLIST_KEY_UISupportedInterfaceOrientations_iPad = "UIInterfaceOrientationPortrait UIInterfaceOrientationPortraitUpsideDown UIInterfaceOrientationLandscapeLeft UIInterfaceOrientationLandscapeRight";
				INFOPLIST_KEY_UISupportedInterfaceOrientations_iPhone = "UIInterfaceOrientationPortrait UIInterfaceOrientationLandscapeLeft UIInterfaceOrientationLandscapeRight";
				LD_RUNPATH_SEARCH_PATHS = (
					"$(inherited)",
					"@executable_path/Frameworks",
				);
				MARKETING_VERSION = 1.0;
				PRODUCT_BUNDLE_IDENTIFIER = com.maximelathiere.Weather;
				PRODUCT_NAME = "$(TARGET_NAME)";
				SWIFT_EMIT_LOC_STRINGS = YES;
				SWIFT_VERSION = 5.0;
				TARGETED_DEVICE_FAMILY = "1,2";
			};
			name = Release;
		};
/* End XCBuildConfiguration section */

/* Begin XCConfigurationList section */
		9C213CDB28FEBEC200A3DF72 /* Build configuration list for PBXProject "Weather" */ = {
			isa = XCConfigurationList;
			buildConfigurations = (
				9C213CEC28FEBEC300A3DF72 /* Debug */,
				9C213CED28FEBEC300A3DF72 /* Release */,
			);
			defaultConfigurationIsVisible = 0;
			defaultConfigurationName = Release;
		};
		9C213CEE28FEBEC300A3DF72 /* Build configuration list for PBXNativeTarget "Weather" */ = {
			isa = XCConfigurationList;
			buildConfigurations = (
				9C213CEF28FEBEC300A3DF72 /* Debug */,
				9C213CF028FEBEC300A3DF72 /* Release */,
			);
			defaultConfigurationIsVisible = 0;
			defaultConfigurationName = Release;
		};
/* End XCConfigurationList section */
	};
	rootObject = 9C213CD828FEBEC200A3DF72 /* Project object */;
}
